// !$*UTF8*$!
{
	archiveVersion = 1;
	classes = {
	};
	objectVersion = 46;
	objects = {

/* Begin PBXBuildFile section */
		0C7E08CE1F59721200A03BF6 /* AppDelegate.swift in Sources */ = {isa = PBXBuildFile; fileRef = 0C7E08CD1F59721200A03BF6 /* AppDelegate.swift */; };
		0C7E08D01F59721200A03BF6 /* FirstViewController.swift in Sources */ = {isa = PBXBuildFile; fileRef = 0C7E08CF1F59721200A03BF6 /* FirstViewController.swift */; };
		0C7E08D21F59721200A03BF6 /* SecondViewController.swift in Sources */ = {isa = PBXBuildFile; fileRef = 0C7E08D11F59721200A03BF6 /* SecondViewController.swift */; };
		0C7E08D51F59721200A03BF6 /* Main.storyboard in Resources */ = {isa = PBXBuildFile; fileRef = 0C7E08D31F59721200A03BF6 /* Main.storyboard */; };
		0C7E08D71F59721200A03BF6 /* Assets.xcassets in Resources */ = {isa = PBXBuildFile; fileRef = 0C7E08D61F59721200A03BF6 /* Assets.xcassets */; };
		0C7E08DA1F59721200A03BF6 /* LaunchScreen.storyboard in Resources */ = {isa = PBXBuildFile; fileRef = 0C7E08D81F59721200A03BF6 /* LaunchScreen.storyboard */; };
		0C7E08E51F59721200A03BF6 /* CryptoCompareTests.swift in Sources */ = {isa = PBXBuildFile; fileRef = 0C7E08E41F59721200A03BF6 /* CryptoCompareTests.swift */; };
		0C7E08F01F59721200A03BF6 /* CryptoCompareUITests.swift in Sources */ = {isa = PBXBuildFile; fileRef = 0C7E08EF1F59721200A03BF6 /* CryptoCompareUITests.swift */; };
		0C7E09001F5A901A00A03BF6 /* DashboardTableView.swift in Sources */ = {isa = PBXBuildFile; fileRef = 0C7E08FF1F5A901A00A03BF6 /* DashboardTableView.swift */; };
/* End PBXBuildFile section */

/* Begin PBXContainerItemProxy section */
		0C7E08E11F59721200A03BF6 /* PBXContainerItemProxy */ = {
			isa = PBXContainerItemProxy;
			containerPortal = 0C7E08C21F59721200A03BF6 /* Project object */;
			proxyType = 1;
			remoteGlobalIDString = 0C7E08C91F59721200A03BF6;
			remoteInfo = CryptoCompare;
		};
		0C7E08EC1F59721200A03BF6 /* PBXContainerItemProxy */ = {
			isa = PBXContainerItemProxy;
			containerPortal = 0C7E08C21F59721200A03BF6 /* Project object */;
			proxyType = 1;
			remoteGlobalIDString = 0C7E08C91F59721200A03BF6;
			remoteInfo = CryptoCompare;
		};
/* End PBXContainerItemProxy section */

/* Begin PBXFileReference section */
		0C7E08CA1F59721200A03BF6 /* CryptoCompare.app */ = {isa = PBXFileReference; explicitFileType = wrapper.application; includeInIndex = 0; path = CryptoCompare.app; sourceTree = BUILT_PRODUCTS_DIR; };
		0C7E08CD1F59721200A03BF6 /* AppDelegate.swift */ = {isa = PBXFileReference; lastKnownFileType = sourcecode.swift; path = AppDelegate.swift; sourceTree = "<group>"; };
		0C7E08CF1F59721200A03BF6 /* FirstViewController.swift */ = {isa = PBXFileReference; lastKnownFileType = sourcecode.swift; path = FirstViewController.swift; sourceTree = "<group>"; };
		0C7E08D11F59721200A03BF6 /* SecondViewController.swift */ = {isa = PBXFileReference; lastKnownFileType = sourcecode.swift; path = SecondViewController.swift; sourceTree = "<group>"; };
		0C7E08D41F59721200A03BF6 /* Base */ = {isa = PBXFileReference; lastKnownFileType = file.storyboard; name = Base; path = Base.lproj/Main.storyboard; sourceTree = "<group>"; };
		0C7E08D61F59721200A03BF6 /* Assets.xcassets */ = {isa = PBXFileReference; lastKnownFileType = folder.assetcatalog; path = Assets.xcassets; sourceTree = "<group>"; };
		0C7E08D91F59721200A03BF6 /* Base */ = {isa = PBXFileReference; lastKnownFileType = file.storyboard; name = Base; path = Base.lproj/LaunchScreen.storyboard; sourceTree = "<group>"; };
		0C7E08DB1F59721200A03BF6 /* Info.plist */ = {isa = PBXFileReference; lastKnownFileType = text.plist.xml; path = Info.plist; sourceTree = "<group>"; };
		0C7E08E01F59721200A03BF6 /* CryptoCompareTests.xctest */ = {isa = PBXFileReference; explicitFileType = wrapper.cfbundle; includeInIndex = 0; path = CryptoCompareTests.xctest; sourceTree = BUILT_PRODUCTS_DIR; };
		0C7E08E41F59721200A03BF6 /* CryptoCompareTests.swift */ = {isa = PBXFileReference; lastKnownFileType = sourcecode.swift; path = CryptoCompareTests.swift; sourceTree = "<group>"; };
		0C7E08E61F59721200A03BF6 /* Info.plist */ = {isa = PBXFileReference; lastKnownFileType = text.plist.xml; path = Info.plist; sourceTree = "<group>"; };
		0C7E08EB1F59721200A03BF6 /* CryptoCompareUITests.xctest */ = {isa = PBXFileReference; explicitFileType = wrapper.cfbundle; includeInIndex = 0; path = CryptoCompareUITests.xctest; sourceTree = BUILT_PRODUCTS_DIR; };
		0C7E08EF1F59721200A03BF6 /* CryptoCompareUITests.swift */ = {isa = PBXFileReference; lastKnownFileType = sourcecode.swift; path = CryptoCompareUITests.swift; sourceTree = "<group>"; };
		0C7E08F11F59721200A03BF6 /* Info.plist */ = {isa = PBXFileReference; lastKnownFileType = text.plist.xml; path = Info.plist; sourceTree = "<group>"; };
		0C7E08FF1F5A901A00A03BF6 /* DashboardTableView.swift */ = {isa = PBXFileReference; fileEncoding = 4; lastKnownFileType = sourcecode.swift; name = DashboardTableView.swift; path = ../DashboardTableView.swift; sourceTree = "<group>"; };
/* End PBXFileReference section */

/* Begin PBXFrameworksBuildPhase section */
		0C7E08C71F59721200A03BF6 /* Frameworks */ = {
			isa = PBXFrameworksBuildPhase;
			buildActionMask = 2147483647;
			files = (
			);
			runOnlyForDeploymentPostprocessing = 0;
		};
		0C7E08DD1F59721200A03BF6 /* Frameworks */ = {
			isa = PBXFrameworksBuildPhase;
			buildActionMask = 2147483647;
			files = (
			);
			runOnlyForDeploymentPostprocessing = 0;
		};
		0C7E08E81F59721200A03BF6 /* Frameworks */ = {
			isa = PBXFrameworksBuildPhase;
			buildActionMask = 2147483647;
			files = (
			);
			runOnlyForDeploymentPostprocessing = 0;
		};
/* End PBXFrameworksBuildPhase section */

/* Begin PBXGroup section */
		0C7E08C11F59721200A03BF6 = {
			isa = PBXGroup;
			children = (
				0C7E08CC1F59721200A03BF6 /* CryptoCompare */,
				0C7E08E31F59721200A03BF6 /* CryptoCompareTests */,
				0C7E08EE1F59721200A03BF6 /* CryptoCompareUITests */,
				0C7E08CB1F59721200A03BF6 /* Products */,
			);
			sourceTree = "<group>";
		};
		0C7E08CB1F59721200A03BF6 /* Products */ = {
			isa = PBXGroup;
			children = (
				0C7E08CA1F59721200A03BF6 /* CryptoCompare.app */,
				0C7E08E01F59721200A03BF6 /* CryptoCompareTests.xctest */,
				0C7E08EB1F59721200A03BF6 /* CryptoCompareUITests.xctest */,
			);
			name = Products;
			sourceTree = "<group>";
		};
		0C7E08CC1F59721200A03BF6 /* CryptoCompare */ = {
			isa = PBXGroup;
			children = (
				0C7E08CD1F59721200A03BF6 /* AppDelegate.swift */,
				0C7E08CF1F59721200A03BF6 /* FirstViewController.swift */,
				0C7E08D11F59721200A03BF6 /* SecondViewController.swift */,
				0C7E08FF1F5A901A00A03BF6 /* DashboardTableView.swift */,
				0C7E08D31F59721200A03BF6 /* Main.storyboard */,
				0C7E08D61F59721200A03BF6 /* Assets.xcassets */,
				0C7E08D81F59721200A03BF6 /* LaunchScreen.storyboard */,
				0C7E08DB1F59721200A03BF6 /* Info.plist */,
			);
			path = CryptoCompare;
			sourceTree = "<group>";
		};
		0C7E08E31F59721200A03BF6 /* CryptoCompareTests */ = {
			isa = PBXGroup;
			children = (
				0C7E08E41F59721200A03BF6 /* CryptoCompareTests.swift */,
				0C7E08E61F59721200A03BF6 /* Info.plist */,
			);
			path = CryptoCompareTests;
			sourceTree = "<group>";
		};
		0C7E08EE1F59721200A03BF6 /* CryptoCompareUITests */ = {
			isa = PBXGroup;
			children = (
				0C7E08EF1F59721200A03BF6 /* CryptoCompareUITests.swift */,
				0C7E08F11F59721200A03BF6 /* Info.plist */,
			);
			path = CryptoCompareUITests;
			sourceTree = "<group>";
		};
/* End PBXGroup section */

/* Begin PBXNativeTarget section */
		0C7E08C91F59721200A03BF6 /* CryptoCompare */ = {
			isa = PBXNativeTarget;
			buildConfigurationList = 0C7E08F41F59721200A03BF6 /* Build configuration list for PBXNativeTarget "CryptoCompare" */;
			buildPhases = (
				0C7E08C61F59721200A03BF6 /* Sources */,
				0C7E08C71F59721200A03BF6 /* Frameworks */,
				0C7E08C81F59721200A03BF6 /* Resources */,
			);
			buildRules = (
			);
			dependencies = (
			);
			name = CryptoCompare;
			productName = CryptoCompare;
			productReference = 0C7E08CA1F59721200A03BF6 /* CryptoCompare.app */;
			productType = "com.apple.product-type.application";
		};
		0C7E08DF1F59721200A03BF6 /* CryptoCompareTests */ = {
			isa = PBXNativeTarget;
			buildConfigurationList = 0C7E08F71F59721200A03BF6 /* Build configuration list for PBXNativeTarget "CryptoCompareTests" */;
			buildPhases = (
				0C7E08DC1F59721200A03BF6 /* Sources */,
				0C7E08DD1F59721200A03BF6 /* Frameworks */,
				0C7E08DE1F59721200A03BF6 /* Resources */,
			);
			buildRules = (
			);
			dependencies = (
				0C7E08E21F59721200A03BF6 /* PBXTargetDependency */,
			);
			name = CryptoCompareTests;
			productName = CryptoCompareTests;
			productReference = 0C7E08E01F59721200A03BF6 /* CryptoCompareTests.xctest */;
			productType = "com.apple.product-type.bundle.unit-test";
		};
		0C7E08EA1F59721200A03BF6 /* CryptoCompareUITests */ = {
			isa = PBXNativeTarget;
			buildConfigurationList = 0C7E08FA1F59721200A03BF6 /* Build configuration list for PBXNativeTarget "CryptoCompareUITests" */;
			buildPhases = (
				0C7E08E71F59721200A03BF6 /* Sources */,
				0C7E08E81F59721200A03BF6 /* Frameworks */,
				0C7E08E91F59721200A03BF6 /* Resources */,
			);
			buildRules = (
			);
			dependencies = (
				0C7E08ED1F59721200A03BF6 /* PBXTargetDependency */,
			);
			name = CryptoCompareUITests;
			productName = CryptoCompareUITests;
			productReference = 0C7E08EB1F59721200A03BF6 /* CryptoCompareUITests.xctest */;
			productType = "com.apple.product-type.bundle.ui-testing";
		};
/* End PBXNativeTarget section */

/* Begin PBXProject section */
		0C7E08C21F59721200A03BF6 /* Project object */ = {
			isa = PBXProject;
			attributes = {
				LastSwiftUpdateCheck = 0830;
				LastUpgradeCheck = 0830;
				ORGANIZATIONNAME = "YAGYANK CHADHA";
				TargetAttributes = {
					0C7E08C91F59721200A03BF6 = {
						CreatedOnToolsVersion = 8.3.3;
						ProvisioningStyle = Automatic;
					};
					0C7E08DF1F59721200A03BF6 = {
						CreatedOnToolsVersion = 8.3.3;
						ProvisioningStyle = Automatic;
						TestTargetID = 0C7E08C91F59721200A03BF6;
					};
					0C7E08EA1F59721200A03BF6 = {
						CreatedOnToolsVersion = 8.3.3;
						ProvisioningStyle = Automatic;
						TestTargetID = 0C7E08C91F59721200A03BF6;
					};
				};
			};
			buildConfigurationList = 0C7E08C51F59721200A03BF6 /* Build configuration list for PBXProject "CryptoCompare" */;
			compatibilityVersion = "Xcode 3.2";
			developmentRegion = English;
			hasScannedForEncodings = 0;
			knownRegions = (
				en,
				Base,
			);
			mainGroup = 0C7E08C11F59721200A03BF6;
			productRefGroup = 0C7E08CB1F59721200A03BF6 /* Products */;
			projectDirPath = "";
			projectRoot = "";
			targets = (
				0C7E08C91F59721200A03BF6 /* CryptoCompare */,
				0C7E08DF1F59721200A03BF6 /* CryptoCompareTests */,
				0C7E08EA1F59721200A03BF6 /* CryptoCompareUITests */,
			);
		};
/* End PBXProject section */

/* Begin PBXResourcesBuildPhase section */
		0C7E08C81F59721200A03BF6 /* Resources */ = {
			isa = PBXResourcesBuildPhase;
			buildActionMask = 2147483647;
			files = (
				0C7E08DA1F59721200A03BF6 /* LaunchScreen.storyboard in Resources */,
				0C7E08D71F59721200A03BF6 /* Assets.xcassets in Resources */,
				0C7E08D51F59721200A03BF6 /* Main.storyboard in Resources */,
			);
			runOnlyForDeploymentPostprocessing = 0;
		};
		0C7E08DE1F59721200A03BF6 /* Resources */ = {
			isa = PBXResourcesBuildPhase;
			buildActionMask = 2147483647;
			files = (
			);
			runOnlyForDeploymentPostprocessing = 0;
		};
		0C7E08E91F59721200A03BF6 /* Resources */ = {
			isa = PBXResourcesBuildPhase;
			buildActionMask = 2147483647;
			files = (
			);
			runOnlyForDeploymentPostprocessing = 0;
		};
/* End PBXResourcesBuildPhase section */

/* Begin PBXSourcesBuildPhase section */
		0C7E08C61F59721200A03BF6 /* Sources */ = {
			isa = PBXSourcesBuildPhase;
			buildActionMask = 2147483647;
			files = (
				0C7E08D21F59721200A03BF6 /* SecondViewController.swift in Sources */,
				0C7E08CE1F59721200A03BF6 /* AppDelegate.swift in Sources */,
				0C7E09001F5A901A00A03BF6 /* DashboardTableView.swift in Sources */,
				0C7E08D01F59721200A03BF6 /* FirstViewController.swift in Sources */,
			);
			runOnlyForDeploymentPostprocessing = 0;
		};
		0C7E08DC1F59721200A03BF6 /* Sources */ = {
			isa = PBXSourcesBuildPhase;
			buildActionMask = 2147483647;
			files = (
				0C7E08E51F59721200A03BF6 /* CryptoCompareTests.swift in Sources */,
			);
			runOnlyForDeploymentPostprocessing = 0;
		};
		0C7E08E71F59721200A03BF6 /* Sources */ = {
			isa = PBXSourcesBuildPhase;
			buildActionMask = 2147483647;
			files = (
				0C7E08F01F59721200A03BF6 /* CryptoCompareUITests.swift in Sources */,
			);
			runOnlyForDeploymentPostprocessing = 0;
		};
/* End PBXSourcesBuildPhase section */

/* Begin PBXTargetDependency section */
		0C7E08E21F59721200A03BF6 /* PBXTargetDependency */ = {
			isa = PBXTargetDependency;
			target = 0C7E08C91F59721200A03BF6 /* CryptoCompare */;
			targetProxy = 0C7E08E11F59721200A03BF6 /* PBXContainerItemProxy */;
		};
		0C7E08ED1F59721200A03BF6 /* PBXTargetDependency */ = {
			isa = PBXTargetDependency;
			target = 0C7E08C91F59721200A03BF6 /* CryptoCompare */;
			targetProxy = 0C7E08EC1F59721200A03BF6 /* PBXContainerItemProxy */;
		};
/* End PBXTargetDependency section */

/* Begin PBXVariantGroup section */
		0C7E08D31F59721200A03BF6 /* Main.storyboard */ = {
			isa = PBXVariantGroup;
			children = (
				0C7E08D41F59721200A03BF6 /* Base */,
			);
			name = Main.storyboard;
			sourceTree = "<group>";
		};
		0C7E08D81F59721200A03BF6 /* LaunchScreen.storyboard */ = {
			isa = PBXVariantGroup;
			children = (
				0C7E08D91F59721200A03BF6 /* Base */,
			);
			name = LaunchScreen.storyboard;
			sourceTree = "<group>";
		};
/* End PBXVariantGroup section */

/* Begin XCBuildConfiguration section */
		0C7E08F21F59721200A03BF6 /* Debug */ = {
			isa = XCBuildConfiguration;
			buildSettings = {
				ALWAYS_SEARCH_USER_PATHS = NO;
				CLANG_ANALYZER_NONNULL = YES;
				CLANG_ANALYZER_NUMBER_OBJECT_CONVERSION = YES_AGGRESSIVE;
				CLANG_CXX_LANGUAGE_STANDARD = "gnu++0x";
				CLANG_CXX_LIBRARY = "libc++";
				CLANG_ENABLE_MODULES = YES;
				CLANG_ENABLE_OBJC_ARC = YES;
				CLANG_WARN_BOOL_CONVERSION = YES;
				CLANG_WARN_CONSTANT_CONVERSION = YES;
				CLANG_WARN_DIRECT_OBJC_ISA_USAGE = YES_ERROR;
				CLANG_WARN_DOCUMENTATION_COMMENTS = YES;
				CLANG_WARN_EMPTY_BODY = YES;
				CLANG_WARN_ENUM_CONVERSION = YES;
				CLANG_WARN_INFINITE_RECURSION = YES;
				CLANG_WARN_INT_CONVERSION = YES;
				CLANG_WARN_OBJC_ROOT_CLASS = YES_ERROR;
				CLANG_WARN_SUSPICIOUS_MOVE = YES;
				CLANG_WARN_UNREACHABLE_CODE = YES;
				CLANG_WARN__DUPLICATE_METHOD_MATCH = YES;
				"CODE_SIGN_IDENTITY[sdk=iphoneos*]" = "iPhone Developer";
				COPY_PHASE_STRIP = NO;
				DEBUG_INFORMATION_FORMAT = dwarf;
				ENABLE_STRICT_OBJC_MSGSEND = YES;
				ENABLE_TESTABILITY = YES;
				GCC_C_LANGUAGE_STANDARD = gnu99;
				GCC_DYNAMIC_NO_PIC = NO;
				GCC_NO_COMMON_BLOCKS = YES;
				GCC_OPTIMIZATION_LEVEL = 0;
				GCC_PREPROCESSOR_DEFINITIONS = (
					"DEBUG=1",
					"$(inherited)",
				);
				GCC_WARN_64_TO_32_BIT_CONVERSION = YES;
				GCC_WARN_ABOUT_RETURN_TYPE = YES_ERROR;
				GCC_WARN_UNDECLARED_SELECTOR = YES;
				GCC_WARN_UNINITIALIZED_AUTOS = YES_AGGRESSIVE;
				GCC_WARN_UNUSED_FUNCTION = YES;
				GCC_WARN_UNUSED_VARIABLE = YES;
				IPHONEOS_DEPLOYMENT_TARGET = 10.3;
				MTL_ENABLE_DEBUG_INFO = YES;
				ONLY_ACTIVE_ARCH = YES;
				SDKROOT = iphoneos;
				SWIFT_ACTIVE_COMPILATION_CONDITIONS = DEBUG;
				SWIFT_OPTIMIZATION_LEVEL = "-Onone";
			};
			name = Debug;
		};
		0C7E08F31F59721200A03BF6 /* Release */ = {
			isa = XCBuildConfiguration;
			buildSettings = {
				ALWAYS_SEARCH_USER_PATHS = NO;
				CLANG_ANALYZER_NONNULL = YES;
				CLANG_ANALYZER_NUMBER_OBJECT_CONVERSION = YES_AGGRESSIVE;
				CLANG_CXX_LANGUAGE_STANDARD = "gnu++0x";
				CLANG_CXX_LIBRARY = "libc++";
				CLANG_ENABLE_MODULES = YES;
				CLANG_ENABLE_OBJC_ARC = YES;
				CLANG_WARN_BOOL_CONVERSION = YES;
				CLANG_WARN_CONSTANT_CONVERSION = YES;
				CLANG_WARN_DIRECT_OBJC_ISA_USAGE = YES_ERROR;
				CLANG_WARN_DOCUMENTATION_COMMENTS = YES;
				CLANG_WARN_EMPTY_BODY = YES;
				CLANG_WARN_ENUM_CONVERSION = YES;
				CLANG_WARN_INFINITE_RECURSION = YES;
				CLANG_WARN_INT_CONVERSION = YES;
				CLANG_WARN_OBJC_ROOT_CLASS = YES_ERROR;
				CLANG_WARN_SUSPICIOUS_MOVE = YES;
				CLANG_WARN_UNREACHABLE_CODE = YES;
				CLANG_WARN__DUPLICATE_METHOD_MATCH = YES;
				"CODE_SIGN_IDENTITY[sdk=iphoneos*]" = "iPhone Developer";
				COPY_PHASE_STRIP = NO;
				DEBUG_INFORMATION_FORMAT = "dwarf-with-dsym";
				ENABLE_NS_ASSERTIONS = NO;
				ENABLE_STRICT_OBJC_MSGSEND = YES;
				GCC_C_LANGUAGE_STANDARD = gnu99;
				GCC_NO_COMMON_BLOCKS = YES;
				GCC_WARN_64_TO_32_BIT_CONVERSION = YES;
				GCC_WARN_ABOUT_RETURN_TYPE = YES_ERROR;
				GCC_WARN_UNDECLARED_SELECTOR = YES;
				GCC_WARN_UNINITIALIZED_AUTOS = YES_AGGRESSIVE;
				GCC_WARN_UNUSED_FUNCTION = YES;
				GCC_WARN_UNUSED_VARIABLE = YES;
				IPHONEOS_DEPLOYMENT_TARGET = 10.3;
				MTL_ENABLE_DEBUG_INFO = NO;
				SDKROOT = iphoneos;
				SWIFT_OPTIMIZATION_LEVEL = "-Owholemodule";
				VALIDATE_PRODUCT = YES;
			};
			name = Release;
		};
		0C7E08F51F59721200A03BF6 /* Debug */ = {
			isa = XCBuildConfiguration;
			buildSettings = {
				ASSETCATALOG_COMPILER_APPICON_NAME = AppIcon;
				INFOPLIST_FILE = CryptoCompare/Info.plist;
				LD_RUNPATH_SEARCH_PATHS = "$(inherited) @executable_path/Frameworks";
				PRODUCT_BUNDLE_IDENTIFIER = com..CryptoCompare;
				PRODUCT_NAME = "$(TARGET_NAME)";
				SWIFT_VERSION = 3.0;
			};
			name = Debug;
		};
		0C7E08F61F59721200A03BF6 /* Release */ = {
			isa = XCBuildConfiguration;
			buildSettings = {
				ASSETCATALOG_COMPILER_APPICON_NAME = AppIcon;
				INFOPLIST_FILE = CryptoCompare/Info.plist;
				LD_RUNPATH_SEARCH_PATHS = "$(inherited) @executable_path/Frameworks";
				PRODUCT_BUNDLE_IDENTIFIER = com..CryptoCompare;
				PRODUCT_NAME = "$(TARGET_NAME)";
				SWIFT_VERSION = 3.0;
			};
			name = Release;
		};
		0C7E08F81F59721200A03BF6 /* Debug */ = {
			isa = XCBuildConfiguration;
			buildSettings = {
				ALWAYS_EMBED_SWIFT_STANDARD_LIBRARIES = YES;
				BUNDLE_LOADER = "$(TEST_HOST)";
				INFOPLIST_FILE = CryptoCompareTests/Info.plist;
				LD_RUNPATH_SEARCH_PATHS = "$(inherited) @executable_path/Frameworks @loader_path/Frameworks";
				PRODUCT_BUNDLE_IDENTIFIER = com..CryptoCompareTests;
				PRODUCT_NAME = "$(TARGET_NAME)";
				SWIFT_VERSION = 3.0;
				TEST_HOST = "$(BUILT_PRODUCTS_DIR)/CryptoCompare.app/CryptoCompare";
			};
			name = Debug;
		};
		0C7E08F91F59721200A03BF6 /* Release */ = {
			isa = XCBuildConfiguration;
			buildSettings = {
				ALWAYS_EMBED_SWIFT_STANDARD_LIBRARIES = YES;
				BUNDLE_LOADER = "$(TEST_HOST)";
				INFOPLIST_FILE = CryptoCompareTests/Info.plist;
				LD_RUNPATH_SEARCH_PATHS = "$(inherited) @executable_path/Frameworks @loader_path/Frameworks";
				PRODUCT_BUNDLE_IDENTIFIER = com..CryptoCompareTests;
				PRODUCT_NAME = "$(TARGET_NAME)";
				SWIFT_VERSION = 3.0;
				TEST_HOST = "$(BUILT_PRODUCTS_DIR)/CryptoCompare.app/CryptoCompare";
			};
			name = Release;
		};
		0C7E08FB1F59721200A03BF6 /* Debug */ = {
			isa = XCBuildConfiguration;
			buildSettings = {
				ALWAYS_EMBED_SWIFT_STANDARD_LIBRARIES = YES;
				INFOPLIST_FILE = CryptoCompareUITests/Info.plist;
				LD_RUNPATH_SEARCH_PATHS = "$(inherited) @executable_path/Frameworks @loader_path/Frameworks";
				PRODUCT_BUNDLE_IDENTIFIER = com..CryptoCompareUITests;
				PRODUCT_NAME = "$(TARGET_NAME)";
				SWIFT_VERSION = 3.0;
				TEST_TARGET_NAME = CryptoCompare;
			};
			name = Debug;
		};
		0C7E08FC1F59721200A03BF6 /* Release */ = {
			isa = XCBuildConfiguration;
			buildSettings = {
				ALWAYS_EMBED_SWIFT_STANDARD_LIBRARIES = YES;
				INFOPLIST_FILE = CryptoCompareUITests/Info.plist;
				LD_RUNPATH_SEARCH_PATHS = "$(inherited) @executable_path/Frameworks @loader_path/Frameworks";
				PRODUCT_BUNDLE_IDENTIFIER = com..CryptoCompareUITests;
				PRODUCT_NAME = "$(TARGET_NAME)";
				SWIFT_VERSION = 3.0;
				TEST_TARGET_NAME = CryptoCompare;
			};
			name = Release;
		};
/* End XCBuildConfiguration section */

/* Begin XCConfigurationList section */
		0C7E08C51F59721200A03BF6 /* Build configuration list for PBXProject "CryptoCompare" */ = {
			isa = XCConfigurationList;
			buildConfigurations = (
				0C7E08F21F59721200A03BF6 /* Debug */,
				0C7E08F31F59721200A03BF6 /* Release */,
			);
			defaultConfigurationIsVisible = 0;
			defaultConfigurationName = Release;
		};
		0C7E08F41F59721200A03BF6 /* Build configuration list for PBXNativeTarget "CryptoCompare" */ = {
			isa = XCConfigurationList;
			buildConfigurations = (
				0C7E08F51F59721200A03BF6 /* Debug */,
				0C7E08F61F59721200A03BF6 /* Release */,
			);
			defaultConfigurationIsVisible = 0;
		};
		0C7E08F71F59721200A03BF6 /* Build configuration list for PBXNativeTarget "CryptoCompareTests" */ = {
			isa = XCConfigurationList;
			buildConfigurations = (
				0C7E08F81F59721200A03BF6 /* Debug */,
				0C7E08F91F59721200A03BF6 /* Release */,
			);
			defaultConfigurationIsVisible = 0;
		};
		0C7E08FA1F59721200A03BF6 /* Build configuration list for PBXNativeTarget "CryptoCompareUITests" */ = {
			isa = XCConfigurationList;
			buildConfigurations = (
				0C7E08FB1F59721200A03BF6 /* Debug */,
				0C7E08FC1F59721200A03BF6 /* Release */,
			);
			defaultConfigurationIsVisible = 0;
		};
/* End XCConfigurationList section */
	};
	rootObject = 0C7E08C21F59721200A03BF6 /* Project object */;
}
